// !$*UTF8*$!
{
	archiveVersion = 1;
	classes = {
	};
	objectVersion = 46;
	objects = {

/* Begin PBXBuildFile section */
		22401BEC1F84B136004AE39E /* AppDelegate.swift in Sources */ = {isa = PBXBuildFile; fileRef = 22401BEB1F84B136004AE39E /* AppDelegate.swift */; };
		22401BEE1F84B136004AE39E /* FirstViewController.swift in Sources */ = {isa = PBXBuildFile; fileRef = 22401BED1F84B136004AE39E /* FirstViewController.swift */; };
		22401BF01F84B136004AE39E /* SecondViewController.swift in Sources */ = {isa = PBXBuildFile; fileRef = 22401BEF1F84B136004AE39E /* SecondViewController.swift */; };
		22401BF31F84B136004AE39E /* Main.storyboard in Resources */ = {isa = PBXBuildFile; fileRef = 22401BF11F84B136004AE39E /* Main.storyboard */; };
		22401BF51F84B136004AE39E /* Assets.xcassets in Resources */ = {isa = PBXBuildFile; fileRef = 22401BF41F84B136004AE39E /* Assets.xcassets */; };
		22401BF81F84B136004AE39E /* LaunchScreen.storyboard in Resources */ = {isa = PBXBuildFile; fileRef = 22401BF61F84B136004AE39E /* LaunchScreen.storyboard */; };
		22401C031F84B137004AE39E /* Comp4097Tests.swift in Sources */ = {isa = PBXBuildFile; fileRef = 22401C021F84B137004AE39E /* Comp4097Tests.swift */; };
		22401C0E1F84B137004AE39E /* Comp4097UITests.swift in Sources */ = {isa = PBXBuildFile; fileRef = 22401C0D1F84B137004AE39E /* Comp4097UITests.swift */; };
/* End PBXBuildFile section */

/* Begin PBXContainerItemProxy section */
		22401BFF1F84B137004AE39E /* PBXContainerItemProxy */ = {
			isa = PBXContainerItemProxy;
			containerPortal = 22401BE01F84B135004AE39E /* Project object */;
			proxyType = 1;
			remoteGlobalIDString = 22401BE71F84B135004AE39E;
			remoteInfo = Comp4097;
		};
		22401C0A1F84B137004AE39E /* PBXContainerItemProxy */ = {
			isa = PBXContainerItemProxy;
			containerPortal = 22401BE01F84B135004AE39E /* Project object */;
			proxyType = 1;
			remoteGlobalIDString = 22401BE71F84B135004AE39E;
			remoteInfo = Comp4097;
		};
/* End PBXContainerItemProxy section */

/* Begin PBXFileReference section */
		22401BE81F84B136004AE39E /* Comp4097.app */ = {isa = PBXFileReference; explicitFileType = wrapper.application; includeInIndex = 0; path = Comp4097.app; sourceTree = BUILT_PRODUCTS_DIR; };
		22401BEB1F84B136004AE39E /* AppDelegate.swift */ = {isa = PBXFileReference; lastKnownFileType = sourcecode.swift; path = AppDelegate.swift; sourceTree = "<group>"; };
		22401BED1F84B136004AE39E /* FirstViewController.swift */ = {isa = PBXFileReference; lastKnownFileType = sourcecode.swift; path = FirstViewController.swift; sourceTree = "<group>"; };
		22401BEF1F84B136004AE39E /* SecondViewController.swift */ = {isa = PBXFileReference; lastKnownFileType = sourcecode.swift; path = SecondViewController.swift; sourceTree = "<group>"; };
		22401BF21F84B136004AE39E /* Base */ = {isa = PBXFileReference; lastKnownFileType = file.storyboard; name = Base; path = Base.lproj/Main.storyboard; sourceTree = "<group>"; };
		22401BF41F84B136004AE39E /* Assets.xcassets */ = {isa = PBXFileReference; lastKnownFileType = folder.assetcatalog; path = Assets.xcassets; sourceTree = "<group>"; };
		22401BF71F84B136004AE39E /* Base */ = {isa = PBXFileReference; lastKnownFileType = file.storyboard; name = Base; path = Base.lproj/LaunchScreen.storyboard; sourceTree = "<group>"; };
		22401BF91F84B137004AE39E /* Info.plist */ = {isa = PBXFileReference; lastKnownFileType = text.plist.xml; path = Info.plist; sourceTree = "<group>"; };
		22401BFE1F84B137004AE39E /* Comp4097Tests.xctest */ = {isa = PBXFileReference; explicitFileType = wrapper.cfbundle; includeInIndex = 0; path = Comp4097Tests.xctest; sourceTree = BUILT_PRODUCTS_DIR; };
		22401C021F84B137004AE39E /* Comp4097Tests.swift */ = {isa = PBXFileReference; lastKnownFileType = sourcecode.swift; path = Comp4097Tests.swift; sourceTree = "<group>"; };
		22401C041F84B137004AE39E /* Info.plist */ = {isa = PBXFileReference; lastKnownFileType = text.plist.xml; path = Info.plist; sourceTree = "<group>"; };
		22401C091F84B137004AE39E /* Comp4097UITests.xctest */ = {isa = PBXFileReference; explicitFileType = wrapper.cfbundle; includeInIndex = 0; path = Comp4097UITests.xctest; sourceTree = BUILT_PRODUCTS_DIR; };
		22401C0D1F84B137004AE39E /* Comp4097UITests.swift */ = {isa = PBXFileReference; lastKnownFileType = sourcecode.swift; path = Comp4097UITests.swift; sourceTree = "<group>"; };
		22401C0F1F84B137004AE39E /* Info.plist */ = {isa = PBXFileReference; lastKnownFileType = text.plist.xml; path = Info.plist; sourceTree = "<group>"; };
/* End PBXFileReference section */

/* Begin PBXFrameworksBuildPhase section */
		22401BE51F84B135004AE39E /* Frameworks */ = {
			isa = PBXFrameworksBuildPhase;
			buildActionMask = 2147483647;
			files = (
			);
			runOnlyForDeploymentPostprocessing = 0;
		};
		22401BFB1F84B137004AE39E /* Frameworks */ = {
			isa = PBXFrameworksBuildPhase;
			buildActionMask = 2147483647;
			files = (
			);
			runOnlyForDeploymentPostprocessing = 0;
		};
		22401C061F84B137004AE39E /* Frameworks */ = {
			isa = PBXFrameworksBuildPhase;
			buildActionMask = 2147483647;
			files = (
			);
			runOnlyForDeploymentPostprocessing = 0;
		};
/* End PBXFrameworksBuildPhase section */

/* Begin PBXGroup section */
		22401BDF1F84B135004AE39E = {
			isa = PBXGroup;
			children = (
				22401BEA1F84B136004AE39E /* Comp4097 */,
				22401C011F84B137004AE39E /* Comp4097Tests */,
				22401C0C1F84B137004AE39E /* Comp4097UITests */,
				22401BE91F84B136004AE39E /* Products */,
			);
			sourceTree = "<group>";
		};
		22401BE91F84B136004AE39E /* Products */ = {
			isa = PBXGroup;
			children = (
				22401BE81F84B136004AE39E /* Comp4097.app */,
				22401BFE1F84B137004AE39E /* Comp4097Tests.xctest */,
				22401C091F84B137004AE39E /* Comp4097UITests.xctest */,
			);
			name = Products;
			sourceTree = "<group>";
		};
		22401BEA1F84B136004AE39E /* Comp4097 */ = {
			isa = PBXGroup;
			children = (
				22401BEB1F84B136004AE39E /* AppDelegate.swift */,
				22401BED1F84B136004AE39E /* FirstViewController.swift */,
				22401BEF1F84B136004AE39E /* SecondViewController.swift */,
				22401BF11F84B136004AE39E /* Main.storyboard */,
				22401BF41F84B136004AE39E /* Assets.xcassets */,
				22401BF61F84B136004AE39E /* LaunchScreen.storyboard */,
				22401BF91F84B137004AE39E /* Info.plist */,
			);
			path = Comp4097;
			sourceTree = "<group>";
		};
		22401C011F84B137004AE39E /* Comp4097Tests */ = {
			isa = PBXGroup;
			children = (
				22401C021F84B137004AE39E /* Comp4097Tests.swift */,
				22401C041F84B137004AE39E /* Info.plist */,
			);
			path = Comp4097Tests;
			sourceTree = "<group>";
		};
		22401C0C1F84B137004AE39E /* Comp4097UITests */ = {
			isa = PBXGroup;
			children = (
				22401C0D1F84B137004AE39E /* Comp4097UITests.swift */,
				22401C0F1F84B137004AE39E /* Info.plist */,
			);
			path = Comp4097UITests;
			sourceTree = "<group>";
		};
/* End PBXGroup section */

/* Begin PBXNativeTarget section */
		22401BE71F84B135004AE39E /* Comp4097 */ = {
			isa = PBXNativeTarget;
			buildConfigurationList = 22401C121F84B137004AE39E /* Build configuration list for PBXNativeTarget "Comp4097" */;
			buildPhases = (
				22401BE41F84B135004AE39E /* Sources */,
				22401BE51F84B135004AE39E /* Frameworks */,
				22401BE61F84B135004AE39E /* Resources */,
			);
			buildRules = (
			);
			dependencies = (
			);
			name = Comp4097;
			productName = Comp4097;
			productReference = 22401BE81F84B136004AE39E /* Comp4097.app */;
			productType = "com.apple.product-type.application";
		};
		22401BFD1F84B137004AE39E /* Comp4097Tests */ = {
			isa = PBXNativeTarget;
			buildConfigurationList = 22401C151F84B137004AE39E /* Build configuration list for PBXNativeTarget "Comp4097Tests" */;
			buildPhases = (
				22401BFA1F84B137004AE39E /* Sources */,
				22401BFB1F84B137004AE39E /* Frameworks */,
				22401BFC1F84B137004AE39E /* Resources */,
			);
			buildRules = (
			);
			dependencies = (
				22401C001F84B137004AE39E /* PBXTargetDependency */,
			);
			name = Comp4097Tests;
			productName = Comp4097Tests;
			productReference = 22401BFE1F84B137004AE39E /* Comp4097Tests.xctest */;
			productType = "com.apple.product-type.bundle.unit-test";
		};
		22401C081F84B137004AE39E /* Comp4097UITests */ = {
			isa = PBXNativeTarget;
			buildConfigurationList = 22401C181F84B137004AE39E /* Build configuration list for PBXNativeTarget "Comp4097UITests" */;
			buildPhases = (
				22401C051F84B137004AE39E /* Sources */,
				22401C061F84B137004AE39E /* Frameworks */,
				22401C071F84B137004AE39E /* Resources */,
			);
			buildRules = (
			);
			dependencies = (
				22401C0B1F84B137004AE39E /* PBXTargetDependency */,
			);
			name = Comp4097UITests;
			productName = Comp4097UITests;
			productReference = 22401C091F84B137004AE39E /* Comp4097UITests.xctest */;
			productType = "com.apple.product-type.bundle.ui-testing";
		};
/* End PBXNativeTarget section */

/* Begin PBXProject section */
		22401BE01F84B135004AE39E /* Project object */ = {
			isa = PBXProject;
			attributes = {
				LastSwiftUpdateCheck = 0820;
				LastUpgradeCheck = 0820;
				ORGANIZATIONNAME = "Wong Wai Chun";
				TargetAttributes = {
					22401BE71F84B135004AE39E = {
						CreatedOnToolsVersion = 8.2.1;
						ProvisioningStyle = Automatic;
					};
					22401BFD1F84B137004AE39E = {
						CreatedOnToolsVersion = 8.2.1;
						ProvisioningStyle = Automatic;
						TestTargetID = 22401BE71F84B135004AE39E;
					};
					22401C081F84B137004AE39E = {
						CreatedOnToolsVersion = 8.2.1;
						ProvisioningStyle = Automatic;
						TestTargetID = 22401BE71F84B135004AE39E;
					};
				};
			};
			buildConfigurationList = 22401BE31F84B135004AE39E /* Build configuration list for PBXProject "Comp4097" */;
			compatibilityVersion = "Xcode 3.2";
			developmentRegion = English;
			hasScannedForEncodings = 0;
			knownRegions = (
				en,
				Base,
			);
			mainGroup = 22401BDF1F84B135004AE39E;
			productRefGroup = 22401BE91F84B136004AE39E /* Products */;
			projectDirPath = "";
			projectRoot = "";
			targets = (
				22401BE71F84B135004AE39E /* Comp4097 */,
				22401BFD1F84B137004AE39E /* Comp4097Tests */,
				22401C081F84B137004AE39E /* Comp4097UITests */,
			);
		};
/* End PBXProject section */

/* Begin PBXResourcesBuildPhase section */
		22401BE61F84B135004AE39E /* Resources */ = {
			isa = PBXResourcesBuildPhase;
			buildActionMask = 2147483647;
			files = (
				22401BF81F84B136004AE39E /* LaunchScreen.storyboard in Resources */,
				22401BF51F84B136004AE39E /* Assets.xcassets in Resources */,
				22401BF31F84B136004AE39E /* Main.storyboard in Resources */,
			);
			runOnlyForDeploymentPostprocessing = 0;
		};
		22401BFC1F84B137004AE39E /* Resources */ = {
			isa = PBXResourcesBuildPhase;
			buildActionMask = 2147483647;
			files = (
			);
			runOnlyForDeploymentPostprocessing = 0;
		};
		22401C071F84B137004AE39E /* Resources */ = {
			isa = PBXResourcesBuildPhase;
			buildActionMask = 2147483647;
			files = (
			);
			runOnlyForDeploymentPostprocessing = 0;
		};
/* End PBXResourcesBuildPhase section */

/* Begin PBXSourcesBuildPhase section */
		22401BE41F84B135004AE39E /* Sources */ = {
			isa = PBXSourcesBuildPhase;
			buildActionMask = 2147483647;
			files = (
				22401BF01F84B136004AE39E /* SecondViewController.swift in Sources */,
				22401BEC1F84B136004AE39E /* AppDelegate.swift in Sources */,
				22401BEE1F84B136004AE39E /* FirstViewController.swift in Sources */,
			);
			runOnlyForDeploymentPostprocessing = 0;
		};
		22401BFA1F84B137004AE39E /* Sources */ = {
			isa = PBXSourcesBuildPhase;
			buildActionMask = 2147483647;
			files = (
				22401C031F84B137004AE39E /* Comp4097Tests.swift in Sources */,
			);
			runOnlyForDeploymentPostprocessing = 0;
		};
		22401C051F84B137004AE39E /* Sources */ = {
			isa = PBXSourcesBuildPhase;
			buildActionMask = 2147483647;
			files = (
				22401C0E1F84B137004AE39E /* Comp4097UITests.swift in Sources */,
			);
			runOnlyForDeploymentPostprocessing = 0;
		};
/* End PBXSourcesBuildPhase section */

/* Begin PBXTargetDependency section */
		22401C001F84B137004AE39E /* PBXTargetDependency */ = {
			isa = PBXTargetDependency;
			target = 22401BE71F84B135004AE39E /* Comp4097 */;
			targetProxy = 22401BFF1F84B137004AE39E /* PBXContainerItemProxy */;
		};
		22401C0B1F84B137004AE39E /* PBXTargetDependency */ = {
			isa = PBXTargetDependency;
			target = 22401BE71F84B135004AE39E /* Comp4097 */;
			targetProxy = 22401C0A1F84B137004AE39E /* PBXContainerItemProxy */;
		};
/* End PBXTargetDependency section */

/* Begin PBXVariantGroup section */
		22401BF11F84B136004AE39E /* Main.storyboard */ = {
			isa = PBXVariantGroup;
			children = (
				22401BF21F84B136004AE39E /* Base */,
			);
			name = Main.storyboard;
			sourceTree = "<group>";
		};
		22401BF61F84B136004AE39E /* LaunchScreen.storyboard */ = {
			isa = PBXVariantGroup;
			children = (
				22401BF71F84B136004AE39E /* Base */,
			);
			name = LaunchScreen.storyboard;
			sourceTree = "<group>";
		};
/* End PBXVariantGroup section */

/* Begin XCBuildConfiguration section */
		22401C101F84B137004AE39E /* Debug */ = {
			isa = XCBuildConfiguration;
			buildSettings = {
				ALWAYS_SEARCH_USER_PATHS = NO;
				CLANG_ANALYZER_NONNULL = YES;
				CLANG_CXX_LANGUAGE_STANDARD = "gnu++0x";
				CLANG_CXX_LIBRARY = "libc++";
				CLANG_ENABLE_MODULES = YES;
				CLANG_ENABLE_OBJC_ARC = YES;
				CLANG_WARN_BOOL_CONVERSION = YES;
				CLANG_WARN_CONSTANT_CONVERSION = YES;
				CLANG_WARN_DIRECT_OBJC_ISA_USAGE = YES_ERROR;
				CLANG_WARN_DOCUMENTATION_COMMENTS = YES;
				CLANG_WARN_EMPTY_BODY = YES;
				CLANG_WARN_ENUM_CONVERSION = YES;
				CLANG_WARN_INFINITE_RECURSION = YES;
				CLANG_WARN_INT_CONVERSION = YES;
				CLANG_WARN_OBJC_ROOT_CLASS = YES_ERROR;
				CLANG_WARN_SUSPICIOUS_MOVE = YES;
				CLANG_WARN_UNREACHABLE_CODE = YES;
				CLANG_WARN__DUPLICATE_METHOD_MATCH = YES;
				"CODE_SIGN_IDENTITY[sdk=iphoneos*]" = "iPhone Developer";
				COPY_PHASE_STRIP = NO;
				DEBUG_INFORMATION_FORMAT = dwarf;
				ENABLE_STRICT_OBJC_MSGSEND = YES;
				ENABLE_TESTABILITY = YES;
				GCC_C_LANGUAGE_STANDARD = gnu99;
				GCC_DYNAMIC_NO_PIC = NO;
				GCC_NO_COMMON_BLOCKS = YES;
				GCC_OPTIMIZATION_LEVEL = 0;
				GCC_PREPROCESSOR_DEFINITIONS = (
					"DEBUG=1",
					"$(inherited)",
				);
				GCC_WARN_64_TO_32_BIT_CONVERSION = YES;
				GCC_WARN_ABOUT_RETURN_TYPE = YES_ERROR;
				GCC_WARN_UNDECLARED_SELECTOR = YES;
				GCC_WARN_UNINITIALIZED_AUTOS = YES_AGGRESSIVE;
				GCC_WARN_UNUSED_FUNCTION = YES;
				GCC_WARN_UNUSED_VARIABLE = YES;
				IPHONEOS_DEPLOYMENT_TARGET = 10.2;
				MTL_ENABLE_DEBUG_INFO = YES;
				ONLY_ACTIVE_ARCH = YES;
				SDKROOT = iphoneos;
				SWIFT_ACTIVE_COMPILATION_CONDITIONS = DEBUG;
				SWIFT_OPTIMIZATION_LEVEL = "-Onone";
				TARGETED_DEVICE_FAMILY = "1,2";
			};
			name = Debug;
		};
		22401C111F84B137004AE39E /* Release */ = {
			isa = XCBuildConfiguration;
			buildSettings = {
				ALWAYS_SEARCH_USER_PATHS = NO;
				CLANG_ANALYZER_NONNULL = YES;
				CLANG_CXX_LANGUAGE_STANDARD = "gnu++0x";
				CLANG_CXX_LIBRARY = "libc++";
				CLANG_ENABLE_MODULES = YES;
				CLANG_ENABLE_OBJC_ARC = YES;
				CLANG_WARN_BOOL_CONVERSION = YES;
				CLANG_WARN_CONSTANT_CONVERSION = YES;
				CLANG_WARN_DIRECT_OBJC_ISA_USAGE = YES_ERROR;
				CLANG_WARN_DOCUMENTATION_COMMENTS = YES;
				CLANG_WARN_EMPTY_BODY = YES;
				CLANG_WARN_ENUM_CONVERSION = YES;
				CLANG_WARN_INFINITE_RECURSION = YES;
				CLANG_WARN_INT_CONVERSION = YES;
				CLANG_WARN_OBJC_ROOT_CLASS = YES_ERROR;
				CLANG_WARN_SUSPICIOUS_MOVE = YES;
				CLANG_WARN_UNREACHABLE_CODE = YES;
				CLANG_WARN__DUPLICATE_METHOD_MATCH = YES;
				"CODE_SIGN_IDENTITY[sdk=iphoneos*]" = "iPhone Developer";
				COPY_PHASE_STRIP = NO;
				DEBUG_INFORMATION_FORMAT = "dwarf-with-dsym";
				ENABLE_NS_ASSERTIONS = NO;
				ENABLE_STRICT_OBJC_MSGSEND = YES;
				GCC_C_LANGUAGE_STANDARD = gnu99;
				GCC_NO_COMMON_BLOCKS = YES;
				GCC_WARN_64_TO_32_BIT_CONVERSION = YES;
				GCC_WARN_ABOUT_RETURN_TYPE = YES_ERROR;
				GCC_WARN_UNDECLARED_SELECTOR = YES;
				GCC_WARN_UNINITIALIZED_AUTOS = YES_AGGRESSIVE;
				GCC_WARN_UNUSED_FUNCTION = YES;
				GCC_WARN_UNUSED_VARIABLE = YES;
				IPHONEOS_DEPLOYMENT_TARGET = 10.2;
				MTL_ENABLE_DEBUG_INFO = NO;
				SDKROOT = iphoneos;
				SWIFT_OPTIMIZATION_LEVEL = "-Owholemodule";
				TARGETED_DEVICE_FAMILY = "1,2";
				VALIDATE_PRODUCT = YES;
			};
			name = Release;
		};
		22401C131F84B137004AE39E /* Debug */ = {
			isa = XCBuildConfiguration;
			buildSettings = {
				ASSETCATALOG_COMPILER_APPICON_NAME = AppIcon;
				INFOPLIST_FILE = Comp4097/Info.plist;
				LD_RUNPATH_SEARCH_PATHS = "$(inherited) @executable_path/Frameworks";
				PRODUCT_BUNDLE_IDENTIFIER = Wong.Comp4097;
				PRODUCT_NAME = "$(TARGET_NAME)";
				SWIFT_VERSION = 3.0;
			};
			name = Debug;
		};
		22401C141F84B137004AE39E /* Release */ = {
			isa = XCBuildConfiguration;
			buildSettings = {
				ASSETCATALOG_COMPILER_APPICON_NAME = AppIcon;
				INFOPLIST_FILE = Comp4097/Info.plist;
				LD_RUNPATH_SEARCH_PATHS = "$(inherited) @executable_path/Frameworks";
				PRODUCT_BUNDLE_IDENTIFIER = Wong.Comp4097;
				PRODUCT_NAME = "$(TARGET_NAME)";
				SWIFT_VERSION = 3.0;
			};
			name = Release;
		};
		22401C161F84B137004AE39E /* Debug */ = {
			isa = XCBuildConfiguration;
			buildSettings = {
				ALWAYS_EMBED_SWIFT_STANDARD_LIBRARIES = YES;
				BUNDLE_LOADER = "$(TEST_HOST)";
				INFOPLIST_FILE = Comp4097Tests/Info.plist;
				LD_RUNPATH_SEARCH_PATHS = "$(inherited) @executable_path/Frameworks @loader_path/Frameworks";
				PRODUCT_BUNDLE_IDENTIFIER = Wong.Comp4097Tests;
				PRODUCT_NAME = "$(TARGET_NAME)";
				SWIFT_VERSION = 3.0;
				TEST_HOST = "$(BUILT_PRODUCTS_DIR)/Comp4097.app/Comp4097";
			};
			name = Debug;
		};
		22401C171F84B137004AE39E /* Release */ = {
			isa = XCBuildConfiguration;
			buildSettings = {
				ALWAYS_EMBED_SWIFT_STANDARD_LIBRARIES = YES;
				BUNDLE_LOADER = "$(TEST_HOST)";
				INFOPLIST_FILE = Comp4097Tests/Info.plist;
				LD_RUNPATH_SEARCH_PATHS = "$(inherited) @executable_path/Frameworks @loader_path/Frameworks";
				PRODUCT_BUNDLE_IDENTIFIER = Wong.Comp4097Tests;
				PRODUCT_NAME = "$(TARGET_NAME)";
				SWIFT_VERSION = 3.0;
				TEST_HOST = "$(BUILT_PRODUCTS_DIR)/Comp4097.app/Comp4097";
			};
			name = Release;
		};
		22401C191F84B137004AE39E /* Debug */ = {
			isa = XCBuildConfiguration;
			buildSettings = {
				ALWAYS_EMBED_SWIFT_STANDARD_LIBRARIES = YES;
				INFOPLIST_FILE = Comp4097UITests/Info.plist;
				LD_RUNPATH_SEARCH_PATHS = "$(inherited) @executable_path/Frameworks @loader_path/Frameworks";
				PRODUCT_BUNDLE_IDENTIFIER = Wong.Comp4097UITests;
				PRODUCT_NAME = "$(TARGET_NAME)";
				SWIFT_VERSION = 3.0;
				TEST_TARGET_NAME = Comp4097;
			};
			name = Debug;
		};
		22401C1A1F84B137004AE39E /* Release */ = {
			isa = XCBuildConfiguration;
			buildSettings = {
				ALWAYS_EMBED_SWIFT_STANDARD_LIBRARIES = YES;
				INFOPLIST_FILE = Comp4097UITests/Info.plist;
				LD_RUNPATH_SEARCH_PATHS = "$(inherited) @executable_path/Frameworks @loader_path/Frameworks";
				PRODUCT_BUNDLE_IDENTIFIER = Wong.Comp4097UITests;
				PRODUCT_NAME = "$(TARGET_NAME)";
				SWIFT_VERSION = 3.0;
				TEST_TARGET_NAME = Comp4097;
			};
			name = Release;
		};
/* End XCBuildConfiguration section */

/* Begin XCConfigurationList section */
		22401BE31F84B135004AE39E /* Build configuration list for PBXProject "Comp4097" */ = {
			isa = XCConfigurationList;
			buildConfigurations = (
				22401C101F84B137004AE39E /* Debug */,
				22401C111F84B137004AE39E /* Release */,
			);
			defaultConfigurationIsVisible = 0;
			defaultConfigurationName = Release;
		};
		22401C121F84B137004AE39E /* Build configuration list for PBXNativeTarget "Comp4097" */ = {
			isa = XCConfigurationList;
			buildConfigurations = (
				22401C131F84B137004AE39E /* Debug */,
				22401C141F84B137004AE39E /* Release */,
			);
			defaultConfigurationIsVisible = 0;
		};
		22401C151F84B137004AE39E /* Build configuration list for PBXNativeTarget "Comp4097Tests" */ = {
			isa = XCConfigurationList;
			buildConfigurations = (
				22401C161F84B137004AE39E /* Debug */,
				22401C171F84B137004AE39E /* Release */,
			);
			defaultConfigurationIsVisible = 0;
		};
		22401C181F84B137004AE39E /* Build configuration list for PBXNativeTarget "Comp4097UITests" */ = {
			isa = XCConfigurationList;
			buildConfigurations = (
				22401C191F84B137004AE39E /* Debug */,
				22401C1A1F84B137004AE39E /* Release */,
			);
			defaultConfigurationIsVisible = 0;
		};
/* End XCConfigurationList section */
	};
	rootObject = 22401BE01F84B135004AE39E /* Project object */;
}
